
Microsoft Visual Studio Solution File, Format Version 12.00
# Visual Studio Version 17
VisualStudioVersion = 17.8.34511.84
MinimumVisualStudioVersion = 10.0.40219.1
Project("{F184B08F-C81C-45F6-A57F-5ABD9991F28F}") = "SearchArray", "SearchArray\SearchArray.vbproj", "{28261776-E81E-4A1D-9062-CA2A528B57A6}"
EndProject
Global
	GlobalSection(SolutionConfigurationPlatforms) = preSolution
		Debug|Any CPU = Debug|Any CPU
		Release|Any CPU = Release|Any CPU
	EndGlobalSection
	GlobalSection(ProjectConfigurationPlatforms) = postSolution
		{28261776-E81E-4A1D-9062-CA2A528B57A6}.Debug|Any CPU.ActiveCfg = Debug|Any CPU
		{28261776-E81E-4A1D-9062-CA2A528B57A6}.Debug|Any CPU.Build.0 = Debug|Any CPU
		{28261776-E81E-4A1D-9062-CA2A528B57A6}.Release|Any CPU.ActiveCfg = Release|Any CPU
		{28261776-E81E-4A1D-9062-CA2A528B57A6}.Release|Any CPU.Build.0 = Release|Any CPU
	EndGlobalSection
	GlobalSection(SolutionProperties) = preSolution
		HideSolutionNode = FALSE
	EndGlobalSection
	GlobalSection(ExtensibilityGlobals) = postSolution
		SolutionGuid = {AF1C8865-D4C5-427C-B7AF-33B9B2AF01D3}
	EndGlobalSection
EndGlobal
