
Microsoft Visual Studio Solution File, Format Version 12.00
# Visual Studio Version 17
VisualStudioVersion = 17.8.34511.84
MinimumVisualStudioVersion = 10.0.40219.1
Project("{F184B08F-C81C-45F6-A57F-5ABD9991F28F}") = "ControlArray1", "ControlArray1\ControlArray1.vbproj", "{99547F92-2EE7-416D-8C3A-EA56B6EED4A4}"
EndProject
Global
	GlobalSection(SolutionConfigurationPlatforms) = preSolution
		Debug|Any CPU = Debug|Any CPU
		Release|Any CPU = Release|Any CPU
	EndGlobalSection
	GlobalSection(ProjectConfigurationPlatforms) = postSolution
		{99547F92-2EE7-416D-8C3A-EA56B6EED4A4}.Debug|Any CPU.ActiveCfg = Debug|Any CPU
		{99547F92-2EE7-416D-8C3A-EA56B6EED4A4}.Debug|Any CPU.Build.0 = Debug|Any CPU
		{99547F92-2EE7-416D-8C3A-EA56B6EED4A4}.Release|Any CPU.ActiveCfg = Release|Any CPU
		{99547F92-2EE7-416D-8C3A-EA56B6EED4A4}.Release|Any CPU.Build.0 = Release|Any CPU
	EndGlobalSection
	GlobalSection(SolutionProperties) = preSolution
		HideSolutionNode = FALSE
	EndGlobalSection
	GlobalSection(ExtensibilityGlobals) = postSolution
		SolutionGuid = {40F926D8-3D46-4B7D-8E88-9F33AFFD0708}
	EndGlobalSection
EndGlobal
