
Microsoft Visual Studio Solution File, Format Version 12.00
# Visual Studio Version 17
VisualStudioVersion = 17.8.34511.84
MinimumVisualStudioVersion = 10.0.40219.1
Project("{F184B08F-C81C-45F6-A57F-5ABD9991F28F}") = "sum2", "sum2\sum2.vbproj", "{89114E0D-FE3C-4869-A7EF-A30F0FAAC476}"
EndProject
Global
	GlobalSection(SolutionConfigurationPlatforms) = preSolution
		Debug|Any CPU = Debug|Any CPU
		Release|Any CPU = Release|Any CPU
	EndGlobalSection
	GlobalSection(ProjectConfigurationPlatforms) = postSolution
		{89114E0D-FE3C-4869-A7EF-A30F0FAAC476}.Debug|Any CPU.ActiveCfg = Debug|Any CPU
		{89114E0D-FE3C-4869-A7EF-A30F0FAAC476}.Debug|Any CPU.Build.0 = Debug|Any CPU
		{89114E0D-FE3C-4869-A7EF-A30F0FAAC476}.Release|Any CPU.ActiveCfg = Release|Any CPU
		{89114E0D-FE3C-4869-A7EF-A30F0FAAC476}.Release|Any CPU.Build.0 = Release|Any CPU
	EndGlobalSection
	GlobalSection(SolutionProperties) = preSolution
		HideSolutionNode = FALSE
	EndGlobalSection
	GlobalSection(ExtensibilityGlobals) = postSolution
		SolutionGuid = {1CE02AE2-A449-4D48-B28E-E438AAAF2E14}
	EndGlobalSection
EndGlobal
