
Microsoft Visual Studio Solution File, Format Version 12.00
# Visual Studio Version 17
VisualStudioVersion = 17.8.34511.84
MinimumVisualStudioVersion = 10.0.40219.1
Project("{F184B08F-C81C-45F6-A57F-5ABD9991F28F}") = "MenuDesigning", "MenuDesigning\MenuDesigning.vbproj", "{4BC48432-0626-4ABF-A126-319922692E89}"
EndProject
Global
	GlobalSection(SolutionConfigurationPlatforms) = preSolution
		Debug|Any CPU = Debug|Any CPU
		Release|Any CPU = Release|Any CPU
	EndGlobalSection
	GlobalSection(ProjectConfigurationPlatforms) = postSolution
		{4BC48432-0626-4ABF-A126-319922692E89}.Debug|Any CPU.ActiveCfg = Debug|Any CPU
		{4BC48432-0626-4ABF-A126-319922692E89}.Debug|Any CPU.Build.0 = Debug|Any CPU
		{4BC48432-0626-4ABF-A126-319922692E89}.Release|Any CPU.ActiveCfg = Release|Any CPU
		{4BC48432-0626-4ABF-A126-319922692E89}.Release|Any CPU.Build.0 = Release|Any CPU
	EndGlobalSection
	GlobalSection(SolutionProperties) = preSolution
		HideSolutionNode = FALSE
	EndGlobalSection
	GlobalSection(ExtensibilityGlobals) = postSolution
		SolutionGuid = {5EB7626F-0424-41A3-ABBB-7531F5DA7E39}
	EndGlobalSection
EndGlobal
